
Microsoft Visual Studio Solution File, Format Version 12.00
# Visual Studio 14
VisualStudioVersion = 14.0.24720.0
MinimumVisualStudioVersion = 10.0.40219.1
Project("{FAE04EC0-301F-11D3-BF4B-00C04F79EFBC}") = "vaoc", "vaoc\vaoc.csproj", "{3B39F519-7FEC-4A4E-B921-60D4C0665176}"
	ProjectSection(ProjectDependencies) = postProject
		{9585AC78-B64E-4A65-B358-4C6B77BFAE50} = {9585AC78-B64E-4A65-B358-4C6B77BFAE50}
	EndProjectSection
EndProject
Project("{FAE04EC0-301F-11D3-BF4B-00C04F79EFBC}") = "WaocLib", "WaocLibrary\WaocLib.csproj", "{9585AC78-B64E-4A65-B358-4C6B77BFAE50}"
EndProject
Global
	GlobalSection(SolutionConfigurationPlatforms) = preSolution
		Debug|Any CPU = Debug|Any CPU
		Release|Any CPU = Release|Any CPU
	EndGlobalSection
	GlobalSection(ProjectConfigurationPlatforms) = postSolution
		{3B39F519-7FEC-4A4E-B921-60D4C0665176}.Debug|Any CPU.ActiveCfg = Debug|Any CPU
		{3B39F519-7FEC-4A4E-B921-60D4C0665176}.Debug|Any CPU.Build.0 = Debug|Any CPU
		{3B39F519-7FEC-4A4E-B921-60D4C0665176}.Release|Any CPU.ActiveCfg = Release|Any CPU
		{3B39F519-7FEC-4A4E-B921-60D4C0665176}.Release|Any CPU.Build.0 = Release|Any CPU
		{9585AC78-B64E-4A65-B358-4C6B77BFAE50}.Debug|Any CPU.ActiveCfg = Debug|Any CPU
		{9585AC78-B64E-4A65-B358-4C6B77BFAE50}.Debug|Any CPU.Build.0 = Debug|Any CPU
		{9585AC78-B64E-4A65-B358-4C6B77BFAE50}.Release|Any CPU.ActiveCfg = Release|Any CPU
		{9585AC78-B64E-4A65-B358-4C6B77BFAE50}.Release|Any CPU.Build.0 = Release|Any CPU
	EndGlobalSection
	GlobalSection(SolutionProperties) = preSolution
		HideSolutionNode = FALSE
	EndGlobalSection
EndGlobal
